
Microsoft Visual Studio Solution File, Format Version 12.00
# Visual Studio Version 17
VisualStudioVersion = 17.4.33205.214
MinimumVisualStudioVersion = 10.0.40219.1
Project("{FAE04EC0-301F-11D3-BF4B-00C04F79EFBC}") = "Week2App1", "Week2App1\Week2App1.csproj", "{3FB55154-04DB-457C-BCAD-9130DEEE5E19}"
EndProject
Global
	GlobalSection(SolutionConfigurationPlatforms) = preSolution
		Debug|Any CPU = Debug|Any CPU
		Release|Any CPU = Release|Any CPU
	EndGlobalSection
	GlobalSection(ProjectConfigurationPlatforms) = postSolution
		{3FB55154-04DB-457C-BCAD-9130DEEE5E19}.Debug|Any CPU.ActiveCfg = Debug|Any CPU
		{3FB55154-04DB-457C-BCAD-9130DEEE5E19}.Debug|Any CPU.Build.0 = Debug|Any CPU
		{3FB55154-04DB-457C-BCAD-9130DEEE5E19}.Release|Any CPU.ActiveCfg = Release|Any CPU
		{3FB55154-04DB-457C-BCAD-9130DEEE5E19}.Release|Any CPU.Build.0 = Release|Any CPU
	EndGlobalSection
	GlobalSection(SolutionProperties) = preSolution
		HideSolutionNode = FALSE
	EndGlobalSection
	GlobalSection(ExtensibilityGlobals) = postSolution
		SolutionGuid = {3E4A7D7F-46FD-48E5-8FD1-296AFE0B779A}
	EndGlobalSection
EndGlobal
